// !$*UTF8*$!
{
	archiveVersion = 1;
	classes = {
	};
	objectVersion = 55;
	objects = {

/* Begin PBXBuildFile section */
		2E3F4C64279AF44700A37B49 /* SentMemesTableViewController.swift in Sources */ = {isa = PBXBuildFile; fileRef = 2E3F4C63279AF44700A37B49 /* SentMemesTableViewController.swift */; };
		2E3F4C66279AF45800A37B49 /* SentMemesCollectionViewController.swift in Sources */ = {isa = PBXBuildFile; fileRef = 2E3F4C65279AF45800A37B49 /* SentMemesCollectionViewController.swift */; };
		2E3F4C68279B3B6D00A37B49 /* SentMemeCollectionViewCell.swift in Sources */ = {isa = PBXBuildFile; fileRef = 2E3F4C67279B3B6D00A37B49 /* SentMemeCollectionViewCell.swift */; };
		2E3F4C6A279B512B00A37B49 /* SentMemeDetailViewController.swift in Sources */ = {isa = PBXBuildFile; fileRef = 2E3F4C69279B512B00A37B49 /* SentMemeDetailViewController.swift */; };
		2E564DA4276FF45200CB6217 /* AppDelegate.swift in Sources */ = {isa = PBXBuildFile; fileRef = 2E564DA3276FF45200CB6217 /* AppDelegate.swift */; };
		2E564DA6276FF45200CB6217 /* SceneDelegate.swift in Sources */ = {isa = PBXBuildFile; fileRef = 2E564DA5276FF45200CB6217 /* SceneDelegate.swift */; };
		2E564DA8276FF45200CB6217 /* EditorViewController.swift in Sources */ = {isa = PBXBuildFile; fileRef = 2E564DA7276FF45200CB6217 /* EditorViewController.swift */; };
		2E564DAB276FF45200CB6217 /* Main.storyboard in Resources */ = {isa = PBXBuildFile; fileRef = 2E564DA9276FF45200CB6217 /* Main.storyboard */; };
		2E564DAD276FF45400CB6217 /* Assets.xcassets in Resources */ = {isa = PBXBuildFile; fileRef = 2E564DAC276FF45400CB6217 /* Assets.xcassets */; };
		2E564DB0276FF45400CB6217 /* LaunchScreen.storyboard in Resources */ = {isa = PBXBuildFile; fileRef = 2E564DAE276FF45400CB6217 /* LaunchScreen.storyboard */; };
		2E564DBB276FF45400CB6217 /* MemeMeApp1_0Tests.swift in Sources */ = {isa = PBXBuildFile; fileRef = 2E564DBA276FF45400CB6217 /* MemeMeApp1_0Tests.swift */; };
		2E564DC5276FF45400CB6217 /* MemeMeApp1_0UITests.swift in Sources */ = {isa = PBXBuildFile; fileRef = 2E564DC4276FF45400CB6217 /* MemeMeApp1_0UITests.swift */; };
		2E564DC7276FF45400CB6217 /* MemeMeApp1_0UITestsLaunchTests.swift in Sources */ = {isa = PBXBuildFile; fileRef = 2E564DC6276FF45400CB6217 /* MemeMeApp1_0UITestsLaunchTests.swift */; };
		2E5B54F82770B8BE00DF27AE /* Model.swift in Sources */ = {isa = PBXBuildFile; fileRef = 2E5B54F72770B8BE00DF27AE /* Model.swift */; };
/* End PBXBuildFile section */

/* Begin PBXContainerItemProxy section */
		2E564DB7276FF45400CB6217 /* PBXContainerItemProxy */ = {
			isa = PBXContainerItemProxy;
			containerPortal = 2E564D98276FF45200CB6217 /* Project object */;
			proxyType = 1;
			remoteGlobalIDString = 2E564D9F276FF45200CB6217;
			remoteInfo = MemeMeApp1.0;
		};
		2E564DC1276FF45400CB6217 /* PBXContainerItemProxy */ = {
			isa = PBXContainerItemProxy;
			containerPortal = 2E564D98276FF45200CB6217 /* Project object */;
			proxyType = 1;
			remoteGlobalIDString = 2E564D9F276FF45200CB6217;
			remoteInfo = MemeMeApp1.0;
		};
/* End PBXContainerItemProxy section */

/* Begin PBXFileReference section */
		2E3F4C63279AF44700A37B49 /* SentMemesTableViewController.swift */ = {isa = PBXFileReference; lastKnownFileType = sourcecode.swift; path = SentMemesTableViewController.swift; sourceTree = "<group>"; };
		2E3F4C65279AF45800A37B49 /* SentMemesCollectionViewController.swift */ = {isa = PBXFileReference; lastKnownFileType = sourcecode.swift; path = SentMemesCollectionViewController.swift; sourceTree = "<group>"; };
		2E3F4C67279B3B6D00A37B49 /* SentMemeCollectionViewCell.swift */ = {isa = PBXFileReference; lastKnownFileType = sourcecode.swift; path = SentMemeCollectionViewCell.swift; sourceTree = "<group>"; };
		2E3F4C69279B512B00A37B49 /* SentMemeDetailViewController.swift */ = {isa = PBXFileReference; lastKnownFileType = sourcecode.swift; path = SentMemeDetailViewController.swift; sourceTree = "<group>"; };
		2E564DA0276FF45200CB6217 /* MemeMeApp1.0.app */ = {isa = PBXFileReference; explicitFileType = wrapper.application; includeInIndex = 0; path = MemeMeApp1.0.app; sourceTree = BUILT_PRODUCTS_DIR; };
		2E564DA3276FF45200CB6217 /* AppDelegate.swift */ = {isa = PBXFileReference; lastKnownFileType = sourcecode.swift; path = AppDelegate.swift; sourceTree = "<group>"; };
		2E564DA5276FF45200CB6217 /* SceneDelegate.swift */ = {isa = PBXFileReference; lastKnownFileType = sourcecode.swift; path = SceneDelegate.swift; sourceTree = "<group>"; };
		2E564DA7276FF45200CB6217 /* EditorViewController.swift */ = {isa = PBXFileReference; lastKnownFileType = sourcecode.swift; path = EditorViewController.swift; sourceTree = "<group>"; };
		2E564DAA276FF45200CB6217 /* Base */ = {isa = PBXFileReference; lastKnownFileType = file.storyboard; name = Base; path = Base.lproj/Main.storyboard; sourceTree = "<group>"; };
		2E564DAC276FF45400CB6217 /* Assets.xcassets */ = {isa = PBXFileReference; lastKnownFileType = folder.assetcatalog; path = Assets.xcassets; sourceTree = "<group>"; };
		2E564DAF276FF45400CB6217 /* Base */ = {isa = PBXFileReference; lastKnownFileType = file.storyboard; name = Base; path = Base.lproj/LaunchScreen.storyboard; sourceTree = "<group>"; };
		2E564DB1276FF45400CB6217 /* Info.plist */ = {isa = PBXFileReference; lastKnownFileType = text.plist.xml; path = Info.plist; sourceTree = "<group>"; };
		2E564DB6276FF45400CB6217 /* MemeMeApp1.0Tests.xctest */ = {isa = PBXFileReference; explicitFileType = wrapper.cfbundle; includeInIndex = 0; path = MemeMeApp1.0Tests.xctest; sourceTree = BUILT_PRODUCTS_DIR; };
		2E564DBA276FF45400CB6217 /* MemeMeApp1_0Tests.swift */ = {isa = PBXFileReference; lastKnownFileType = sourcecode.swift; path = MemeMeApp1_0Tests.swift; sourceTree = "<group>"; };
		2E564DC0276FF45400CB6217 /* MemeMeApp1.0UITests.xctest */ = {isa = PBXFileReference; explicitFileType = wrapper.cfbundle; includeInIndex = 0; path = MemeMeApp1.0UITests.xctest; sourceTree = BUILT_PRODUCTS_DIR; };
		2E564DC4276FF45400CB6217 /* MemeMeApp1_0UITests.swift */ = {isa = PBXFileReference; lastKnownFileType = sourcecode.swift; path = MemeMeApp1_0UITests.swift; sourceTree = "<group>"; };
		2E564DC6276FF45400CB6217 /* MemeMeApp1_0UITestsLaunchTests.swift */ = {isa = PBXFileReference; lastKnownFileType = sourcecode.swift; path = MemeMeApp1_0UITestsLaunchTests.swift; sourceTree = "<group>"; };
		2E5B54F72770B8BE00DF27AE /* Model.swift */ = {isa = PBXFileReference; lastKnownFileType = sourcecode.swift; path = Model.swift; sourceTree = "<group>"; };
/* End PBXFileReference section */

/* Begin PBXFrameworksBuildPhase section */
		2E564D9D276FF45200CB6217 /* Frameworks */ = {
			isa = PBXFrameworksBuildPhase;
			buildActionMask = 2147483647;
			files = (
			);
			runOnlyForDeploymentPostprocessing = 0;
		};
		2E564DB3276FF45400CB6217 /* Frameworks */ = {
			isa = PBXFrameworksBuildPhase;
			buildActionMask = 2147483647;
			files = (
			);
			runOnlyForDeploymentPostprocessing = 0;
		};
		2E564DBD276FF45400CB6217 /* Frameworks */ = {
			isa = PBXFrameworksBuildPhase;
			buildActionMask = 2147483647;
			files = (
			);
			runOnlyForDeploymentPostprocessing = 0;
		};
/* End PBXFrameworksBuildPhase section */

/* Begin PBXGroup section */
		2E564D97276FF45200CB6217 = {
			isa = PBXGroup;
			children = (
				2E564DA2276FF45200CB6217 /* MemeMeApp1.0 */,
				2E564DB9276FF45400CB6217 /* MemeMeApp1.0Tests */,
				2E564DC3276FF45400CB6217 /* MemeMeApp1.0UITests */,
				2E564DA1276FF45200CB6217 /* Products */,
			);
			sourceTree = "<group>";
		};
		2E564DA1276FF45200CB6217 /* Products */ = {
			isa = PBXGroup;
			children = (
				2E564DA0276FF45200CB6217 /* MemeMeApp1.0.app */,
				2E564DB6276FF45400CB6217 /* MemeMeApp1.0Tests.xctest */,
				2E564DC0276FF45400CB6217 /* MemeMeApp1.0UITests.xctest */,
			);
			name = Products;
			sourceTree = "<group>";
		};
		2E564DA2276FF45200CB6217 /* MemeMeApp1.0 */ = {
			isa = PBXGroup;
			children = (
				2E564DA3276FF45200CB6217 /* AppDelegate.swift */,
				2E564DA5276FF45200CB6217 /* SceneDelegate.swift */,
				2E3F4C63279AF44700A37B49 /* SentMemesTableViewController.swift */,
				2E3F4C65279AF45800A37B49 /* SentMemesCollectionViewController.swift */,
				2E3F4C67279B3B6D00A37B49 /* SentMemeCollectionViewCell.swift */,
				2E3F4C69279B512B00A37B49 /* SentMemeDetailViewController.swift */,
				2E564DA7276FF45200CB6217 /* EditorViewController.swift */,
				2E5B54F72770B8BE00DF27AE /* Model.swift */,
				2E564DA9276FF45200CB6217 /* Main.storyboard */,
				2E564DAC276FF45400CB6217 /* Assets.xcassets */,
				2E564DAE276FF45400CB6217 /* LaunchScreen.storyboard */,
				2E564DB1276FF45400CB6217 /* Info.plist */,
			);
			path = MemeMeApp1.0;
			sourceTree = "<group>";
		};
		2E564DB9276FF45400CB6217 /* MemeMeApp1.0Tests */ = {
			isa = PBXGroup;
			children = (
				2E564DBA276FF45400CB6217 /* MemeMeApp1_0Tests.swift */,
			);
			path = MemeMeApp1.0Tests;
			sourceTree = "<group>";
		};
		2E564DC3276FF45400CB6217 /* MemeMeApp1.0UITests */ = {
			isa = PBXGroup;
			children = (
				2E564DC4276FF45400CB6217 /* MemeMeApp1_0UITests.swift */,
				2E564DC6276FF45400CB6217 /* MemeMeApp1_0UITestsLaunchTests.swift */,
			);
			path = MemeMeApp1.0UITests;
			sourceTree = "<group>";
		};
/* End PBXGroup section */

/* Begin PBXNativeTarget section */
		2E564D9F276FF45200CB6217 /* MemeMeApp1.0 */ = {
			isa = PBXNativeTarget;
			buildConfigurationList = 2E564DCA276FF45400CB6217 /* Build configuration list for PBXNativeTarget "MemeMeApp1.0" */;
			buildPhases = (
				2E564D9C276FF45200CB6217 /* Sources */,
				2E564D9D276FF45200CB6217 /* Frameworks */,
				2E564D9E276FF45200CB6217 /* Resources */,
			);
			buildRules = (
			);
			dependencies = (
			);
			name = MemeMeApp1.0;
			productName = MemeMeApp1.0;
			productReference = 2E564DA0276FF45200CB6217 /* MemeMeApp1.0.app */;
			productType = "com.apple.product-type.application";
		};
		2E564DB5276FF45400CB6217 /* MemeMeApp1.0Tests */ = {
			isa = PBXNativeTarget;
			buildConfigurationList = 2E564DCD276FF45400CB6217 /* Build configuration list for PBXNativeTarget "MemeMeApp1.0Tests" */;
			buildPhases = (
				2E564DB2276FF45400CB6217 /* Sources */,
				2E564DB3276FF45400CB6217 /* Frameworks */,
				2E564DB4276FF45400CB6217 /* Resources */,
			);
			buildRules = (
			);
			dependencies = (
				2E564DB8276FF45400CB6217 /* PBXTargetDependency */,
			);
			name = MemeMeApp1.0Tests;
			productName = MemeMeApp1.0Tests;
			productReference = 2E564DB6276FF45400CB6217 /* MemeMeApp1.0Tests.xctest */;
			productType = "com.apple.product-type.bundle.unit-test";
		};
		2E564DBF276FF45400CB6217 /* MemeMeApp1.0UITests */ = {
			isa = PBXNativeTarget;
			buildConfigurationList = 2E564DD0276FF45400CB6217 /* Build configuration list for PBXNativeTarget "MemeMeApp1.0UITests" */;
			buildPhases = (
				2E564DBC276FF45400CB6217 /* Sources */,
				2E564DBD276FF45400CB6217 /* Frameworks */,
				2E564DBE276FF45400CB6217 /* Resources */,
			);
			buildRules = (
			);
			dependencies = (
				2E564DC2276FF45400CB6217 /* PBXTargetDependency */,
			);
			name = MemeMeApp1.0UITests;
			productName = MemeMeApp1.0UITests;
			productReference = 2E564DC0276FF45400CB6217 /* MemeMeApp1.0UITests.xctest */;
			productType = "com.apple.product-type.bundle.ui-testing";
		};
/* End PBXNativeTarget section */

/* Begin PBXProject section */
		2E564D98276FF45200CB6217 /* Project object */ = {
			isa = PBXProject;
			attributes = {
				BuildIndependentTargetsInParallel = 1;
				LastSwiftUpdateCheck = 1320;
				LastUpgradeCheck = 1320;
				TargetAttributes = {
					2E564D9F276FF45200CB6217 = {
						CreatedOnToolsVersion = 13.2.1;
					};
					2E564DB5276FF45400CB6217 = {
						CreatedOnToolsVersion = 13.2.1;
						TestTargetID = 2E564D9F276FF45200CB6217;
					};
					2E564DBF276FF45400CB6217 = {
						CreatedOnToolsVersion = 13.2.1;
						TestTargetID = 2E564D9F276FF45200CB6217;
					};
				};
			};
			buildConfigurationList = 2E564D9B276FF45200CB6217 /* Build configuration list for PBXProject "MemeMeApp1.0" */;
			compatibilityVersion = "Xcode 13.0";
			developmentRegion = en;
			hasScannedForEncodings = 0;
			knownRegions = (
				en,
				Base,
			);
			mainGroup = 2E564D97276FF45200CB6217;
			productRefGroup = 2E564DA1276FF45200CB6217 /* Products */;
			projectDirPath = "";
			projectRoot = "";
			targets = (
				2E564D9F276FF45200CB6217 /* MemeMeApp1.0 */,
				2E564DB5276FF45400CB6217 /* MemeMeApp1.0Tests */,
				2E564DBF276FF45400CB6217 /* MemeMeApp1.0UITests */,
			);
		};
/* End PBXProject section */

/* Begin PBXResourcesBuildPhase section */
		2E564D9E276FF45200CB6217 /* Resources */ = {
			isa = PBXResourcesBuildPhase;
			buildActionMask = 2147483647;
			files = (
				2E564DB0276FF45400CB6217 /* LaunchScreen.storyboard in Resources */,
				2E564DAD276FF45400CB6217 /* Assets.xcassets in Resources */,
				2E564DAB276FF45200CB6217 /* Main.storyboard in Resources */,
			);
			runOnlyForDeploymentPostprocessing = 0;
		};
		2E564DB4276FF45400CB6217 /* Resources */ = {
			isa = PBXResourcesBuildPhase;
			buildActionMask = 2147483647;
			files = (
			);
			runOnlyForDeploymentPostprocessing = 0;
		};
		2E564DBE276FF45400CB6217 /* Resources */ = {
			isa = PBXResourcesBuildPhase;
			buildActionMask = 2147483647;
			files = (
			);
			runOnlyForDeploymentPostprocessing = 0;
		};
/* End PBXResourcesBuildPhase section */

/* Begin PBXSourcesBuildPhase section */
		2E564D9C276FF45200CB6217 /* Sources */ = {
			isa = PBXSourcesBuildPhase;
			buildActionMask = 2147483647;
			files = (
				2E564DA8276FF45200CB6217 /* EditorViewController.swift in Sources */,
				2E3F4C6A279B512B00A37B49 /* SentMemeDetailViewController.swift in Sources */,
				2E564DA4276FF45200CB6217 /* AppDelegate.swift in Sources */,
				2E3F4C66279AF45800A37B49 /* SentMemesCollectionViewController.swift in Sources */,
				2E564DA6276FF45200CB6217 /* SceneDelegate.swift in Sources */,
				2E3F4C68279B3B6D00A37B49 /* SentMemeCollectionViewCell.swift in Sources */,
				2E3F4C64279AF44700A37B49 /* SentMemesTableViewController.swift in Sources */,
				2E5B54F82770B8BE00DF27AE /* Model.swift in Sources */,
			);
			runOnlyForDeploymentPostprocessing = 0;
		};
		2E564DB2276FF45400CB6217 /* Sources */ = {
			isa = PBXSourcesBuildPhase;
			buildActionMask = 2147483647;
			files = (
				2E564DBB276FF45400CB6217 /* MemeMeApp1_0Tests.swift in Sources */,
			);
			runOnlyForDeploymentPostprocessing = 0;
		};
		2E564DBC276FF45400CB6217 /* Sources */ = {
			isa = PBXSourcesBuildPhase;
			buildActionMask = 2147483647;
			files = (
				2E564DC5276FF45400CB6217 /* MemeMeApp1_0UITests.swift in Sources */,
				2E564DC7276FF45400CB6217 /* MemeMeApp1_0UITestsLaunchTests.swift in Sources */,
			);
			runOnlyForDeploymentPostprocessing = 0;
		};
/* End PBXSourcesBuildPhase section */

/* Begin PBXTargetDependency section */
		2E564DB8276FF45400CB6217 /* PBXTargetDependency */ = {
			isa = PBXTargetDependency;
			target = 2E564D9F276FF45200CB6217 /* MemeMeApp1.0 */;
			targetProxy = 2E564DB7276FF45400CB6217 /* PBXContainerItemProxy */;
		};
		2E564DC2276FF45400CB6217 /* PBXTargetDependency */ = {
			isa = PBXTargetDependency;
			target = 2E564D9F276FF45200CB6217 /* MemeMeApp1.0 */;
			targetProxy = 2E564DC1276FF45400CB6217 /* PBXContainerItemProxy */;
		};
/* End PBXTargetDependency section */

/* Begin PBXVariantGroup section */
		2E564DA9276FF45200CB6217 /* Main.storyboard */ = {
			isa = PBXVariantGroup;
			children = (
				2E564DAA276FF45200CB6217 /* Base */,
			);
			name = Main.storyboard;
			sourceTree = "<group>";
		};
		2E564DAE276FF45400CB6217 /* LaunchScreen.storyboard */ = {
			isa = PBXVariantGroup;
			children = (
				2E564DAF276FF45400CB6217 /* Base */,
			);
			name = LaunchScreen.storyboard;
			sourceTree = "<group>";
		};
/* End PBXVariantGroup section */

/* Begin XCBuildConfiguration section */
		2E564DC8276FF45400CB6217 /* Debug */ = {
			isa = XCBuildConfiguration;
			buildSettings = {
				ALWAYS_SEARCH_USER_PATHS = NO;
				CLANG_ANALYZER_NONNULL = YES;
				CLANG_ANALYZER_NUMBER_OBJECT_CONVERSION = YES_AGGRESSIVE;
				CLANG_CXX_LANGUAGE_STANDARD = "gnu++17";
				CLANG_CXX_LIBRARY = "libc++";
				CLANG_ENABLE_MODULES = YES;
				CLANG_ENABLE_OBJC_ARC = YES;
				CLANG_ENABLE_OBJC_WEAK = YES;
				CLANG_WARN_BLOCK_CAPTURE_AUTORELEASING = YES;
				CLANG_WARN_BOOL_CONVERSION = YES;
				CLANG_WARN_COMMA = YES;
				CLANG_WARN_CONSTANT_CONVERSION = YES;
				CLANG_WARN_DEPRECATED_OBJC_IMPLEMENTATIONS = YES;
				CLANG_WARN_DIRECT_OBJC_ISA_USAGE = YES_ERROR;
				CLANG_WARN_DOCUMENTATION_COMMENTS = YES;
				CLANG_WARN_EMPTY_BODY = YES;
				CLANG_WARN_ENUM_CONVERSION = YES;
				CLANG_WARN_INFINITE_RECURSION = YES;
				CLANG_WARN_INT_CONVERSION = YES;
				CLANG_WARN_NON_LITERAL_NULL_CONVERSION = YES;
				CLANG_WARN_OBJC_IMPLICIT_RETAIN_SELF = YES;
				CLANG_WARN_OBJC_LITERAL_CONVERSION = YES;
				CLANG_WARN_OBJC_ROOT_CLASS = YES_ERROR;
				CLANG_WARN_QUOTED_INCLUDE_IN_FRAMEWORK_HEADER = YES;
				CLANG_WARN_RANGE_LOOP_ANALYSIS = YES;
				CLANG_WARN_STRICT_PROTOTYPES = YES;
				CLANG_WARN_SUSPICIOUS_MOVE = YES;
				CLANG_WARN_UNGUARDED_AVAILABILITY = YES_AGGRESSIVE;
				CLANG_WARN_UNREACHABLE_CODE = YES;
				CLANG_WARN__DUPLICATE_METHOD_MATCH = YES;
				COPY_PHASE_STRIP = NO;
				DEBUG_INFORMATION_FORMAT = dwarf;
				ENABLE_STRICT_OBJC_MSGSEND = YES;
				ENABLE_TESTABILITY = YES;
				GCC_C_LANGUAGE_STANDARD = gnu11;
				GCC_DYNAMIC_NO_PIC = NO;
				GCC_NO_COMMON_BLOCKS = YES;
				GCC_OPTIMIZATION_LEVEL = 0;
				GCC_PREPROCESSOR_DEFINITIONS = (
					"DEBUG=1",
					"$(inherited)",
				);
				GCC_WARN_64_TO_32_BIT_CONVERSION = YES;
				GCC_WARN_ABOUT_RETURN_TYPE = YES_ERROR;
				GCC_WARN_UNDECLARED_SELECTOR = YES;
				GCC_WARN_UNINITIALIZED_AUTOS = YES_AGGRESSIVE;
				GCC_WARN_UNUSED_FUNCTION = YES;
				GCC_WARN_UNUSED_VARIABLE = YES;
				IPHONEOS_DEPLOYMENT_TARGET = 15.2;
				MTL_ENABLE_DEBUG_INFO = INCLUDE_SOURCE;
				MTL_FAST_MATH = YES;
				ONLY_ACTIVE_ARCH = YES;
				SDKROOT = iphoneos;
				SWIFT_ACTIVE_COMPILATION_CONDITIONS = DEBUG;
				SWIFT_OPTIMIZATION_LEVEL = "-Onone";
			};
			name = Debug;
		};
		2E564DC9276FF45400CB6217 /* Release */ = {
			isa = XCBuildConfiguration;
			buildSettings = {
				ALWAYS_SEARCH_USER_PATHS = NO;
				CLANG_ANALYZER_NONNULL = YES;
				CLANG_ANALYZER_NUMBER_OBJECT_CONVERSION = YES_AGGRESSIVE;
				CLANG_CXX_LANGUAGE_STANDARD = "gnu++17";
				CLANG_CXX_LIBRARY = "libc++";
				CLANG_ENABLE_MODULES = YES;
				CLANG_ENABLE_OBJC_ARC = YES;
				CLANG_ENABLE_OBJC_WEAK = YES;
				CLANG_WARN_BLOCK_CAPTURE_AUTORELEASING = YES;
				CLANG_WARN_BOOL_CONVERSION = YES;
				CLANG_WARN_COMMA = YES;
				CLANG_WARN_CONSTANT_CONVERSION = YES;
				CLANG_WARN_DEPRECATED_OBJC_IMPLEMENTATIONS = YES;
				CLANG_WARN_DIRECT_OBJC_ISA_USAGE = YES_ERROR;
				CLANG_WARN_DOCUMENTATION_COMMENTS = YES;
				CLANG_WARN_EMPTY_BODY = YES;
				CLANG_WARN_ENUM_CONVERSION = YES;
				CLANG_WARN_INFINITE_RECURSION = YES;
				CLANG_WARN_INT_CONVERSION = YES;
				CLANG_WARN_NON_LITERAL_NULL_CONVERSION = YES;
				CLANG_WARN_OBJC_IMPLICIT_RETAIN_SELF = YES;
				CLANG_WARN_OBJC_LITERAL_CONVERSION = YES;
				CLANG_WARN_OBJC_ROOT_CLASS = YES_ERROR;
				CLANG_WARN_QUOTED_INCLUDE_IN_FRAMEWORK_HEADER = YES;
				CLANG_WARN_RANGE_LOOP_ANALYSIS = YES;
				CLANG_WARN_STRICT_PROTOTYPES = YES;
				CLANG_WARN_SUSPICIOUS_MOVE = YES;
				CLANG_WARN_UNGUARDED_AVAILABILITY = YES_AGGRESSIVE;
				CLANG_WARN_UNREACHABLE_CODE = YES;
				CLANG_WARN__DUPLICATE_METHOD_MATCH = YES;
				COPY_PHASE_STRIP = NO;
				DEBUG_INFORMATION_FORMAT = "dwarf-with-dsym";
				ENABLE_NS_ASSERTIONS = NO;
				ENABLE_STRICT_OBJC_MSGSEND = YES;
				GCC_C_LANGUAGE_STANDARD = gnu11;
				GCC_NO_COMMON_BLOCKS = YES;
				GCC_WARN_64_TO_32_BIT_CONVERSION = YES;
				GCC_WARN_ABOUT_RETURN_TYPE = YES_ERROR;
				GCC_WARN_UNDECLARED_SELECTOR = YES;
				GCC_WARN_UNINITIALIZED_AUTOS = YES_AGGRESSIVE;
				GCC_WARN_UNUSED_FUNCTION = YES;
				GCC_WARN_UNUSED_VARIABLE = YES;
				IPHONEOS_DEPLOYMENT_TARGET = 15.2;
				MTL_ENABLE_DEBUG_INFO = NO;
				MTL_FAST_MATH = YES;
				SDKROOT = iphoneos;
				SWIFT_COMPILATION_MODE = wholemodule;
				SWIFT_OPTIMIZATION_LEVEL = "-O";
				VALIDATE_PRODUCT = YES;
			};
			name = Release;
		};
		2E564DCB276FF45400CB6217 /* Debug */ = {
			isa = XCBuildConfiguration;
			buildSettings = {
				ASSETCATALOG_COMPILER_APPICON_NAME = AppIcon;
				ASSETCATALOG_COMPILER_GLOBAL_ACCENT_COLOR_NAME = AccentColor;
				CODE_SIGN_STYLE = Automatic;
				CURRENT_PROJECT_VERSION = 1;
				GENERATE_INFOPLIST_FILE = YES;
				INFOPLIST_FILE = MemeMeApp1.0/Info.plist;
				INFOPLIST_KEY_CFBundleDisplayName = MemeMeApp2.0;
				INFOPLIST_KEY_UIApplicationSupportsIndirectInputEvents = YES;
				INFOPLIST_KEY_UILaunchStoryboardName = LaunchScreen;
				INFOPLIST_KEY_UIMainStoryboardFile = Main;
				INFOPLIST_KEY_UISupportedInterfaceOrientations_iPad = "UIInterfaceOrientationPortrait UIInterfaceOrientationPortraitUpsideDown UIInterfaceOrientationLandscapeLeft UIInterfaceOrientationLandscapeRight";
				INFOPLIST_KEY_UISupportedInterfaceOrientations_iPhone = "UIInterfaceOrientationPortrait UIInterfaceOrientationLandscapeLeft UIInterfaceOrientationLandscapeRight";
				LD_RUNPATH_SEARCH_PATHS = (
					"$(inherited)",
					"@executable_path/Frameworks",
				);
				MARKETING_VERSION = 1.0;
				PRODUCT_BUNDLE_IDENTIFIER = "Udacity.MemeMeApp1-0";
				PRODUCT_NAME = "$(TARGET_NAME)";
				SWIFT_EMIT_LOC_STRINGS = YES;
				SWIFT_VERSION = 5.0;
				TARGETED_DEVICE_FAMILY = "1,2";
			};
			name = Debug;
		};
		2E564DCC276FF45400CB6217 /* Release */ = {
			isa = XCBuildConfiguration;
			buildSettings = {
				ASSETCATALOG_COMPILER_APPICON_NAME = AppIcon;
				ASSETCATALOG_COMPILER_GLOBAL_ACCENT_COLOR_NAME = AccentColor;
				CODE_SIGN_STYLE = Automatic;
				CURRENT_PROJECT_VERSION = 1;
				GENERATE_INFOPLIST_FILE = YES;
				INFOPLIST_FILE = MemeMeApp1.0/Info.plist;
				INFOPLIST_KEY_CFBundleDisplayName = MemeMeApp2.0;
				INFOPLIST_KEY_UIApplicationSupportsIndirectInputEvents = YES;
				INFOPLIST_KEY_UILaunchStoryboardName = LaunchScreen;
				INFOPLIST_KEY_UIMainStoryboardFile = Main;
				INFOPLIST_KEY_UISupportedInterfaceOrientations_iPad = "UIInterfaceOrientationPortrait UIInterfaceOrientationPortraitUpsideDown UIInterfaceOrientationLandscapeLeft UIInterfaceOrientationLandscapeRight";
				INFOPLIST_KEY_UISupportedInterfaceOrientations_iPhone = "UIInterfaceOrientationPortrait UIInterfaceOrientationLandscapeLeft UIInterfaceOrientationLandscapeRight";
				LD_RUNPATH_SEARCH_PATHS = (
					"$(inherited)",
					"@executable_path/Frameworks",
				);
				MARKETING_VERSION = 1.0;
				PRODUCT_BUNDLE_IDENTIFIER = "Udacity.MemeMeApp1-0";
				PRODUCT_NAME = "$(TARGET_NAME)";
				SWIFT_EMIT_LOC_STRINGS = YES;
				SWIFT_VERSION = 5.0;
				TARGETED_DEVICE_FAMILY = "1,2";
			};
			name = Release;
		};
		2E564DCE276FF45400CB6217 /* Debug */ = {
			isa = XCBuildConfiguration;
			buildSettings = {
				ALWAYS_EMBED_SWIFT_STANDARD_LIBRARIES = YES;
				BUNDLE_LOADER = "$(TEST_HOST)";
				CODE_SIGN_STYLE = Automatic;
				CURRENT_PROJECT_VERSION = 1;
				GENERATE_INFOPLIST_FILE = YES;
				IPHONEOS_DEPLOYMENT_TARGET = 15.2;
				MARKETING_VERSION = 1.0;
				PRODUCT_BUNDLE_IDENTIFIER = "Udacity.MemeMeApp1-0Tests";
				PRODUCT_NAME = "$(TARGET_NAME)";
				SWIFT_EMIT_LOC_STRINGS = NO;
				SWIFT_VERSION = 5.0;
				TARGETED_DEVICE_FAMILY = "1,2";
				TEST_HOST = "$(BUILT_PRODUCTS_DIR)/MemeMeApp1.0.app/MemeMeApp1.0";
			};
			name = Debug;
		};
		2E564DCF276FF45400CB6217 /* Release */ = {
			isa = XCBuildConfiguration;
			buildSettings = {
				ALWAYS_EMBED_SWIFT_STANDARD_LIBRARIES = YES;
				BUNDLE_LOADER = "$(TEST_HOST)";
				CODE_SIGN_STYLE = Automatic;
				CURRENT_PROJECT_VERSION = 1;
				GENERATE_INFOPLIST_FILE = YES;
				IPHONEOS_DEPLOYMENT_TARGET = 15.2;
				MARKETING_VERSION = 1.0;
				PRODUCT_BUNDLE_IDENTIFIER = "Udacity.MemeMeApp1-0Tests";
				PRODUCT_NAME = "$(TARGET_NAME)";
				SWIFT_EMIT_LOC_STRINGS = NO;
				SWIFT_VERSION = 5.0;
				TARGETED_DEVICE_FAMILY = "1,2";
				TEST_HOST = "$(BUILT_PRODUCTS_DIR)/MemeMeApp1.0.app/MemeMeApp1.0";
			};
			name = Release;
		};
		2E564DD1276FF45400CB6217 /* Debug */ = {
			isa = XCBuildConfiguration;
			buildSettings = {
				ALWAYS_EMBED_SWIFT_STANDARD_LIBRARIES = YES;
				CODE_SIGN_STYLE = Automatic;
				CURRENT_PROJECT_VERSION = 1;
				GENERATE_INFOPLIST_FILE = YES;
				MARKETING_VERSION = 1.0;
				PRODUCT_BUNDLE_IDENTIFIER = "Udacity.MemeMeApp1-0UITests";
				PRODUCT_NAME = "$(TARGET_NAME)";
				SWIFT_EMIT_LOC_STRINGS = NO;
				SWIFT_VERSION = 5.0;
				TARGETED_DEVICE_FAMILY = "1,2";
				TEST_TARGET_NAME = MemeMeApp1.0;
			};
			name = Debug;
		};
		2E564DD2276FF45400CB6217 /* Release */ = {
			isa = XCBuildConfiguration;
			buildSettings = {
				ALWAYS_EMBED_SWIFT_STANDARD_LIBRARIES = YES;
				CODE_SIGN_STYLE = Automatic;
				CURRENT_PROJECT_VERSION = 1;
				GENERATE_INFOPLIST_FILE = YES;
				MARKETING_VERSION = 1.0;
				PRODUCT_BUNDLE_IDENTIFIER = "Udacity.MemeMeApp1-0UITests";
				PRODUCT_NAME = "$(TARGET_NAME)";
				SWIFT_EMIT_LOC_STRINGS = NO;
				SWIFT_VERSION = 5.0;
				TARGETED_DEVICE_FAMILY = "1,2";
				TEST_TARGET_NAME = MemeMeApp1.0;
			};
			name = Release;
		};
/* End XCBuildConfiguration section */

/* Begin XCConfigurationList section */
		2E564D9B276FF45200CB6217 /* Build configuration list for PBXProject "MemeMeApp1.0" */ = {
			isa = XCConfigurationList;
			buildConfigurations = (
				2E564DC8276FF45400CB6217 /* Debug */,
				2E564DC9276FF45400CB6217 /* Release */,
			);
			defaultConfigurationIsVisible = 0;
			defaultConfigurationName = Release;
		};
		2E564DCA276FF45400CB6217 /* Build configuration list for PBXNativeTarget "MemeMeApp1.0" */ = {
			isa = XCConfigurationList;
			buildConfigurations = (
				2E564DCB276FF45400CB6217 /* Debug */,
				2E564DCC276FF45400CB6217 /* Release */,
			);
			defaultConfigurationIsVisible = 0;
			defaultConfigurationName = Release;
		};
		2E564DCD276FF45400CB6217 /* Build configuration list for PBXNativeTarget "MemeMeApp1.0Tests" */ = {
			isa = XCConfigurationList;
			buildConfigurations = (
				2E564DCE276FF45400CB6217 /* Debug */,
				2E564DCF276FF45400CB6217 /* Release */,
			);
			defaultConfigurationIsVisible = 0;
			defaultConfigurationName = Release;
		};
		2E564DD0276FF45400CB6217 /* Build configuration list for PBXNativeTarget "MemeMeApp1.0UITests" */ = {
			isa = XCConfigurationList;
			buildConfigurations = (
				2E564DD1276FF45400CB6217 /* Debug */,
				2E564DD2276FF45400CB6217 /* Release */,
			);
			defaultConfigurationIsVisible = 0;
			defaultConfigurationName = Release;
		};
/* End XCConfigurationList section */
	};
	rootObject = 2E564D98276FF45200CB6217 /* Project object */;
}
